
Microsoft Visual Studio Solution File, Format Version 12.00
# Visual Studio 15
Project("{FAE04EC0-301F-11D3-BF4B-00C04F79EFBC}") = "ZP.Lib.Server", "ZP.Lib\ZP.Lib.Main\ZP.Lib.Server.csproj", "{435C005F-C030-406B-8C3E-85C4BEACF2F6}"
EndProject
Project("{FAE04EC0-301F-11D3-BF4B-00C04F79EFBC}") = "ZP.Lib.Server.Test", "ZP.Lib\ZP.Lib.Server.Test\ZP.Lib.Server.Test.csproj", "{8B9AE622-C95D-4981-AF6F-1A1D2A63A5CD}"
EndProject
Global
	GlobalSection(SolutionConfigurationPlatforms) = preSolution
		Debug|Any CPU = Debug|Any CPU
		Release|Any CPU = Release|Any CPU
	EndGlobalSection
	GlobalSection(ProjectConfigurationPlatforms) = postSolution
		{435C005F-C030-406B-8C3E-85C4BEACF2F6}.Debug|Any CPU.ActiveCfg = Debug|Any CPU
		{435C005F-C030-406B-8C3E-85C4BEACF2F6}.Debug|Any CPU.Build.0 = Debug|Any CPU
		{435C005F-C030-406B-8C3E-85C4BEACF2F6}.Release|Any CPU.ActiveCfg = Release|Any CPU
		{435C005F-C030-406B-8C3E-85C4BEACF2F6}.Release|Any CPU.Build.0 = Release|Any CPU
		{8B9AE622-C95D-4981-AF6F-1A1D2A63A5CD}.Debug|Any CPU.ActiveCfg = Debug|Any CPU
		{8B9AE622-C95D-4981-AF6F-1A1D2A63A5CD}.Debug|Any CPU.Build.0 = Debug|Any CPU
		{8B9AE622-C95D-4981-AF6F-1A1D2A63A5CD}.Release|Any CPU.ActiveCfg = Release|Any CPU
		{8B9AE622-C95D-4981-AF6F-1A1D2A63A5CD}.Release|Any CPU.Build.0 = Release|Any CPU
	EndGlobalSection
EndGlobal
