Microsoft Visual Studio Solution File, Format Version 12.00
# Visual Studio Version 16
VisualStudioVersion = 16.0.29424.173
MinimumVisualStudioVersion = 10.0.40219.1
Project("{9A19103F-16F7-4668-BE54-9A1E7A4F7556}") = "ZP.Lib.Server", "ZP.Lib\ZP.Lib.Main\ZP.Lib.Server.csproj", "{435C005F-C030-406B-8C3E-85C4BEACF2F6}"
EndProject
Project("{9A19103F-16F7-4668-BE54-9A1E7A4F7556}") = "ZP.Lib.Server.Test", "ZP.Lib\ZP.Lib.Server.Test\ZP.Lib.Server.Test.csproj", "{8B9AE622-C95D-4981-AF6F-1A1D2A63A5CD}"
EndProject
Project("{9A19103F-16F7-4668-BE54-9A1E7A4F7556}") = "ZP.Lib.Card", "ZP.Lib\ZP.Lib.Card\ZP.Lib.Card.csproj", "{F97E3966-827A-4600-9C90-5C2CE7E174DD}"
EndProject
Project("{9A19103F-16F7-4668-BE54-9A1E7A4F7556}") = "ZProRx.Test.Web", "ZProRx.Test.Web\ZProRx.Test.Web.csproj", "{8EFFE43D-98F8-43E8-A177-0222CAE1696F}"
EndProject
Project("{9A19103F-16F7-4668-BE54-9A1E7A4F7556}") = "ZP.Lib.Matrix", "ZP.Lib\ZP.Lib.Matrix\ZP.Lib.Matrix.csproj", "{3C7899AA-B0A9-4FE6-B740-AC104D89E935}"
EndProject
Project("{9A19103F-16F7-4668-BE54-9A1E7A4F7556}") = "ZP.Lib.NetCore", "ZP.Lib\ZP.Lib.NetCore\ZP.Lib.NetCore.csproj", "{5391499A-FB96-4D90-AF51-DCBA618E79C8}"
EndProject
Project("{9A19103F-16F7-4668-BE54-9A1E7A4F7556}") = "ZP.Lib.Standard", "ZP.Lib\ZP.Lib.Standard\ZP.Lib.Standard.csproj", "{4BAA41C4-9F1C-4D09-89E2-A0D775F0BBA9}"
EndProject
Project("{9A19103F-16F7-4668-BE54-9A1E7A4F7556}") = "ZP.Lib.Web", "ZP.Lib\ZP.Lib.Web\ZP.Lib.Web.csproj", "{95EEF7F7-3D2C-427A-B8AA-D269F3C001E6}"
EndProject
Project("{9A19103F-16F7-4668-BE54-9A1E7A4F7556}") = "ZP.Lib.Soc", "ZP.Lib\ZP.Lib.Soc\ZP.Lib.Soc.csproj", "{B6B4AE63-74F7-4C07-BE9A-F3B85CF281A8}"
EndProject
Project("{9A19103F-16F7-4668-BE54-9A1E7A4F7556}") = "ZP.Lib.SocClient", "ZP.Lib\ZP.Lib.SocClient\ZP.Lib.SocClient.csproj", "{AD36D818-B5F7-4CEF-8E92-969DE049A0B2}"
EndProject
Global
	GlobalSection(SolutionConfigurationPlatforms) = preSolution
		Debug|Any CPU = Debug|Any CPU
		Release|Any CPU = Release|Any CPU
	EndGlobalSection
	GlobalSection(ProjectConfigurationPlatforms) = postSolution
		{435C005F-C030-406B-8C3E-85C4BEACF2F6}.Debug|Any CPU.ActiveCfg = Debug|Any CPU
		{435C005F-C030-406B-8C3E-85C4BEACF2F6}.Debug|Any CPU.Build.0 = Debug|Any CPU
		{435C005F-C030-406B-8C3E-85C4BEACF2F6}.Release|Any CPU.ActiveCfg = Release|Any CPU
		{435C005F-C030-406B-8C3E-85C4BEACF2F6}.Release|Any CPU.Build.0 = Release|Any CPU
		{8B9AE622-C95D-4981-AF6F-1A1D2A63A5CD}.Debug|Any CPU.ActiveCfg = Debug|Any CPU
		{8B9AE622-C95D-4981-AF6F-1A1D2A63A5CD}.Debug|Any CPU.Build.0 = Debug|Any CPU
		{8B9AE622-C95D-4981-AF6F-1A1D2A63A5CD}.Release|Any CPU.ActiveCfg = Release|Any CPU
		{8B9AE622-C95D-4981-AF6F-1A1D2A63A5CD}.Release|Any CPU.Build.0 = Release|Any CPU
		{F97E3966-827A-4600-9C90-5C2CE7E174DD}.Debug|Any CPU.ActiveCfg = Debug|Any CPU
		{F97E3966-827A-4600-9C90-5C2CE7E174DD}.Debug|Any CPU.Build.0 = Debug|Any CPU
		{F97E3966-827A-4600-9C90-5C2CE7E174DD}.Release|Any CPU.ActiveCfg = Release|Any CPU
		{F97E3966-827A-4600-9C90-5C2CE7E174DD}.Release|Any CPU.Build.0 = Release|Any CPU
		{8EFFE43D-98F8-43E8-A177-0222CAE1696F}.Debug|Any CPU.ActiveCfg = Debug|Any CPU
		{8EFFE43D-98F8-43E8-A177-0222CAE1696F}.Debug|Any CPU.Build.0 = Debug|Any CPU
		{8EFFE43D-98F8-43E8-A177-0222CAE1696F}.Release|Any CPU.ActiveCfg = Release|Any CPU
		{8EFFE43D-98F8-43E8-A177-0222CAE1696F}.Release|Any CPU.Build.0 = Release|Any CPU
		{3C7899AA-B0A9-4FE6-B740-AC104D89E935}.Debug|Any CPU.ActiveCfg = Debug|Any CPU
		{3C7899AA-B0A9-4FE6-B740-AC104D89E935}.Debug|Any CPU.Build.0 = Debug|Any CPU
		{3C7899AA-B0A9-4FE6-B740-AC104D89E935}.Release|Any CPU.ActiveCfg = Release|Any CPU
		{3C7899AA-B0A9-4FE6-B740-AC104D89E935}.Release|Any CPU.Build.0 = Release|Any CPU
		{5391499A-FB96-4D90-AF51-DCBA618E79C8}.Debug|Any CPU.ActiveCfg = Debug|Any CPU
		{5391499A-FB96-4D90-AF51-DCBA618E79C8}.Debug|Any CPU.Build.0 = Debug|Any CPU
		{5391499A-FB96-4D90-AF51-DCBA618E79C8}.Release|Any CPU.ActiveCfg = Release|Any CPU
		{5391499A-FB96-4D90-AF51-DCBA618E79C8}.Release|Any CPU.Build.0 = Release|Any CPU
		{4BAA41C4-9F1C-4D09-89E2-A0D775F0BBA9}.Debug|Any CPU.ActiveCfg = Debug|Any CPU
		{4BAA41C4-9F1C-4D09-89E2-A0D775F0BBA9}.Debug|Any CPU.Build.0 = Debug|Any CPU
		{4BAA41C4-9F1C-4D09-89E2-A0D775F0BBA9}.Release|Any CPU.ActiveCfg = Release|Any CPU
		{4BAA41C4-9F1C-4D09-89E2-A0D775F0BBA9}.Release|Any CPU.Build.0 = Release|Any CPU
		{95EEF7F7-3D2C-427A-B8AA-D269F3C001E6}.Debug|Any CPU.ActiveCfg = Debug|Any CPU
		{95EEF7F7-3D2C-427A-B8AA-D269F3C001E6}.Debug|Any CPU.Build.0 = Debug|Any CPU
		{95EEF7F7-3D2C-427A-B8AA-D269F3C001E6}.Release|Any CPU.ActiveCfg = Release|Any CPU
		{95EEF7F7-3D2C-427A-B8AA-D269F3C001E6}.Release|Any CPU.Build.0 = Release|Any CPU
		{B6B4AE63-74F7-4C07-BE9A-F3B85CF281A8}.Debug|Any CPU.ActiveCfg = Debug|Any CPU
		{B6B4AE63-74F7-4C07-BE9A-F3B85CF281A8}.Debug|Any CPU.Build.0 = Debug|Any CPU
		{B6B4AE63-74F7-4C07-BE9A-F3B85CF281A8}.Release|Any CPU.ActiveCfg = Release|Any CPU
		{B6B4AE63-74F7-4C07-BE9A-F3B85CF281A8}.Release|Any CPU.Build.0 = Release|Any CPU
		{AD36D818-B5F7-4CEF-8E92-969DE049A0B2}.Debug|Any CPU.ActiveCfg = Debug|Any CPU
		{AD36D818-B5F7-4CEF-8E92-969DE049A0B2}.Debug|Any CPU.Build.0 = Debug|Any CPU
		{AD36D818-B5F7-4CEF-8E92-969DE049A0B2}.Release|Any CPU.ActiveCfg = Release|Any CPU
		{AD36D818-B5F7-4CEF-8E92-969DE049A0B2}.Release|Any CPU.Build.0 = Release|Any CPU
	EndGlobalSection
	GlobalSection(SolutionProperties) = preSolution
		HideSolutionNode = FALSE
	EndGlobalSection
	GlobalSection(ExtensibilityGlobals) = postSolution
		SolutionGuid = {A7D4B0CF-684E-49E8-A490-EBA141416CF3}
	EndGlobalSection
EndGlobal
